
Microsoft Visual Studio Solution File, Format Version 12.00
# Visual Studio 14
VisualStudioVersion = 14.0.25420.1
MinimumVisualStudioVersion = 10.0.40219.1
Project("{8BC9CEB8-8B4A-11D0-8D11-00A0C91BC942}") = "Templates", "Templates\Templates.vcxproj", "{AA8CA5A5-151B-46BC-A6C2-1F12120D86EA}"
EndProject
Project("{8BC9CEB8-8B4A-11D0-8D11-00A0C91BC942}") = "FucnctionTemplate", "FucnctionTemplate\FucnctionTemplate.vcxproj", "{D55A5204-4385-4ABD-ADED-A5AC2A9DC2FB}"
EndProject
Project("{8BC9CEB8-8B4A-11D0-8D11-00A0C91BC942}") = "ExportFunctionTemplate", "ExportFunctionTemplate\ExportFunctionTemplate.vcxproj", "{54D845D5-8413-4074-A9D8-AFC8ADA674C9}"
EndProject
Project("{8BC9CEB8-8B4A-11D0-8D11-00A0C91BC942}") = "ExportClassTemplate", "ExportClassTemplate\ExportClassTemplate.vcxproj", "{64856848-8669-4D21-AD4A-1A968219CA61}"
EndProject
Project("{8BC9CEB8-8B4A-11D0-8D11-00A0C91BC942}") = "Template argument deduction", "Template argument deduction\Template argument deduction.vcxproj", "{3D854712-DD6C-4193-8908-40AC9B84C25A}"
EndProject
Project("{8BC9CEB8-8B4A-11D0-8D11-00A0C91BC942}") = "Problem Template argument Deduction", "Problem Template argument Deduction\Problem Template argument Deduction.vcxproj", "{50989625-0C5D-4246-AA66-A1F1F77A02D8}"
EndProject
Project("{8BC9CEB8-8B4A-11D0-8D11-00A0C91BC942}") = "Overloading of template function", "Overloading of template function\Overloading of template function.vcxproj", "{ED885450-E103-470C-AB13-343D0DF76B09}"
EndProject
Project("{8BC9CEB8-8B4A-11D0-8D11-00A0C91BC942}") = "Template Fubction As Class Method", "Template Fubction As Class Method\Template Fubction As Class Method.vcxproj", "{2D714C9A-37F9-4050-88E4-F8149E744C93}"
EndProject
Project("{8BC9CEB8-8B4A-11D0-8D11-00A0C91BC942}") = "Full Spesialization Fuction Template", "Full Spesialization Fuction Template\Full Spesialization Fuction Template.vcxproj", "{B81D8CF2-5EA3-4AC6-B0EB-2449D749ED0C}"
EndProject
Project("{8BC9CEB8-8B4A-11D0-8D11-00A0C91BC942}") = "Partial Spesialization Function Template", "Partial Spesialization Function Template\Partial Spesialization Function Template.vcxproj", "{A02FCCF4-1FBE-4962-AA93-3331A0C2A266}"
EndProject
Project("{8BC9CEB8-8B4A-11D0-8D11-00A0C91BC942}") = "Alias Templates", "Alias Templates\Alias Templates.vcxproj", "{D828B477-B2AE-4236-ACED-7C440D80285D}"
EndProject
Project("{8BC9CEB8-8B4A-11D0-8D11-00A0C91BC942}") = "Alias Templates 2", "Alias Templates 2\Alias Templates 2.vcxproj", "{936C42FE-4559-459A-9CE7-57B06F912907}"
EndProject
Project("{8BC9CEB8-8B4A-11D0-8D11-00A0C91BC942}") = "Template Function with Defolt Argument", "Template Function with Defolt Argument\Template Function with Defolt Argument.vcxproj", "{6D9DB894-4DC8-43E0-A0C8-A43AA5CA46CB}"
EndProject
Project("{8BC9CEB8-8B4A-11D0-8D11-00A0C91BC942}") = "Template Class", "Template Class\Template Class.vcxproj", "{93577544-0F7C-4F73-9331-BD36994AF8FA}"
EndProject
Project("{8BC9CEB8-8B4A-11D0-8D11-00A0C91BC942}") = "Template Class Method realization", "Template Class Method realization\Template Class Method realization.vcxproj", "{C15FD8F3-934F-4858-B374-95C3C9A9A4FA}"
EndProject
Project("{8BC9CEB8-8B4A-11D0-8D11-00A0C91BC942}") = "Template Class Type Problem", "Template Class Type Problem\Template Class Type Problem.vcxproj", "{4304EFF7-01BC-472D-B8E6-769FAB05E954}"
EndProject
Project("{8BC9CEB8-8B4A-11D0-8D11-00A0C91BC942}") = "Template Parameters", "Template Parameters\Template Parameters.vcxproj", "{6CB48EB5-B8EC-46E7-9982-7ADF16403406}"
EndProject
Project("{8BC9CEB8-8B4A-11D0-8D11-00A0C91BC942}") = "Template Class Default Value for Template parameters", "Template Class Default Value for Template parameters\Template Class Default Value for Template parameters.vcxproj", "{899881DD-A1D8-414C-8FBA-063BC9BB0FAA}"
EndProject
Project("{8BC9CEB8-8B4A-11D0-8D11-00A0C91BC942}") = "Template Class Default Value for MethodTemplateParameters", "Template Class Default Value for MethodTemplateParameters\Template Class Default Value for MethodTemplateParameters.vcxproj", "{308384E6-FD0C-4E67-8FEE-202E0B16F172}"
EndProject
Project("{8BC9CEB8-8B4A-11D0-8D11-00A0C91BC942}") = "Template Class Default Value for Template parameters 2", "Template Class Default Value for Template parameters 2\Template Class Default Value for Template parameters 2.vcxproj", "{9125D319-0930-4052-8CBE-E6ABE3D005C7}"
EndProject
Project("{8BC9CEB8-8B4A-11D0-8D11-00A0C91BC942}") = "Template Template Parameters", "Template Template Parameters\Template Template Parameters.vcxproj", "{A39B1A27-C528-4026-85A1-96D43FCD91E1}"
EndProject
Project("{8BC9CEB8-8B4A-11D0-8D11-00A0C91BC942}") = "Template Template Parameters with Default arguments", "Template Template Parameters with Default arguments\Template Template Parameters with Default arguments.vcxproj", "{56EDF7D4-84B5-4942-A39B-A62AFEE89CB6}"
EndProject
Project("{8BC9CEB8-8B4A-11D0-8D11-00A0C91BC942}") = "Full Spesialization Class Template", "Full Spesialization Class Template\Full Spesialization Class Template.vcxproj", "{EFE8779B-CF56-4AF2-B999-E717FDBD3919}"
EndProject
Project("{8BC9CEB8-8B4A-11D0-8D11-00A0C91BC942}") = "Partial Spesialization Class Template", "Partial Spesialization Class Template\Partial Spesialization Class Template.vcxproj", "{472AF9BD-C150-4D9B-935A-6AC040B52306}"
EndProject
Project("{8BC9CEB8-8B4A-11D0-8D11-00A0C91BC942}") = "Explicit Template Class instantiation", "Explicit Template Class instantiation\Explicit Template Class instantiation.vcxproj", "{C797236B-17D7-4866-B883-60DD88E3967C}"
EndProject
Project("{8BC9CEB8-8B4A-11D0-8D11-00A0C91BC942}") = "Static memebers in Template Class", "Static memebers in Template Class\Static memebers in Template Class.vcxproj", "{9375842C-4375-4477-AF08-DE23C11C08DF}"
EndProject
Project("{8BC9CEB8-8B4A-11D0-8D11-00A0C91BC942}") = "Template Classes", "Template Classes\Template Classes.vcxproj", "{823EDF10-890C-4B2F-9E21-29802FA65954}"
EndProject
Project("{8BC9CEB8-8B4A-11D0-8D11-00A0C91BC942}") = "Friend in Template Class", "Friend in Template Class\Friend in Template Class.vcxproj", "{F29021F7-B829-4447-B593-A31710D04399}"
EndProject
Project("{8BC9CEB8-8B4A-11D0-8D11-00A0C91BC942}") = "Template Class Inheritance", "Template Class Inheritance\Template Class Inheritance.vcxproj", "{F3336F08-9B78-48E5-ACEF-9924E8D8889C}"
EndProject
Project("{8BC9CEB8-8B4A-11D0-8D11-00A0C91BC942}") = "VirtualFunction in Template Class", "VirtualFunction in Template Class\VirtualFunction in Template Class.vcxproj", "{6E008257-467B-4CA9-AF27-BCC527D24654}"
EndProject
Project("{8BC9CEB8-8B4A-11D0-8D11-00A0C91BC942}") = "Variable Template", "Variable Template\Variable Template.vcxproj", "{21E928C2-2D8F-47B0-B918-4C295B0D739F}"
EndProject
Project("{8BC9CEB8-8B4A-11D0-8D11-00A0C91BC942}") = "Variadic Template ParameterPack", "ParameterPack\ParameterPack.vcxproj", "{58EA6DFB-4309-4654-80DC-3282E54D9811}"
EndProject
Project("{8BC9CEB8-8B4A-11D0-8D11-00A0C91BC942}") = "Temp", "Temp\Temp.vcxproj", "{B2728AA0-7649-41E4-95ED-B08C7C8409C6}"
EndProject
Project("{8BC9CEB8-8B4A-11D0-8D11-00A0C91BC942}") = "Variadic Template and sizeof", "Variadic Template and sizeof\Variadic Template and sizeof.vcxproj", "{2538AC2F-7E26-4AE9-8F64-9746E108970F}"
EndProject
Project("{8BC9CEB8-8B4A-11D0-8D11-00A0C91BC942}") = "Variadic Template Unpacking parameter pack of args", "Variadic Template Unpacking parameter pack of args\Variadic Template Unpacking parameter pack of args.vcxproj", "{D004926D-5F10-4BD8-B73C-445115B57932}"
EndProject
Project("{8BC9CEB8-8B4A-11D0-8D11-00A0C91BC942}") = "Variadic Template Unpacking parameter pack into the ctor", "Variadic Template Unpacking parameter pack into the ctor\Variadic Template Unpacking parameter pack into the ctor.vcxproj", "{1EED264F-A8CE-4129-89CF-BD429D998E48}"
EndProject
Project("{8BC9CEB8-8B4A-11D0-8D11-00A0C91BC942}") = "Variadic Template 2", "Variadic Template 2\Variadic Template 2.vcxproj", "{40ABF594-EED1-42D7-AD76-7398A454D83B}"
EndProject
Project("{8BC9CEB8-8B4A-11D0-8D11-00A0C91BC942}") = "VAriadic Template 3", "VAriadic Template 3\VAriadic Template 3.vcxproj", "{B676E434-1D6A-4A8D-BAB3-C090D06CDF0D}"
EndProject
Project("{8BC9CEB8-8B4A-11D0-8D11-00A0C91BC942}") = "Variadic Template 4", "Variadic Template 4\Variadic Template 4.vcxproj", "{8A90D3E2-72C0-4691-9E21-A3FA410470B1}"
EndProject
Project("{8BC9CEB8-8B4A-11D0-8D11-00A0C91BC942}") = "Variadic Template 5", "Variadic Template 5\Variadic Template 5.vcxproj", "{1A5E8C04-1B27-4E57-972D-BD3DD6160929}"
EndProject
Project("{8BC9CEB8-8B4A-11D0-8D11-00A0C91BC942}") = "Variadic Template 6", "Variadic Template 6\Variadic Template 6.vcxproj", "{1458960C-3734-48BF-BC3D-97AE1E2B61E5}"
EndProject
Global
	GlobalSection(SolutionConfigurationPlatforms) = preSolution
		Debug|x64 = Debug|x64
		Debug|x86 = Debug|x86
		Release|x64 = Release|x64
		Release|x86 = Release|x86
	EndGlobalSection
	GlobalSection(ProjectConfigurationPlatforms) = postSolution
		{AA8CA5A5-151B-46BC-A6C2-1F12120D86EA}.Debug|x64.ActiveCfg = Debug|x64
		{AA8CA5A5-151B-46BC-A6C2-1F12120D86EA}.Debug|x64.Build.0 = Debug|x64
		{AA8CA5A5-151B-46BC-A6C2-1F12120D86EA}.Debug|x86.ActiveCfg = Debug|Win32
		{AA8CA5A5-151B-46BC-A6C2-1F12120D86EA}.Debug|x86.Build.0 = Debug|Win32
		{AA8CA5A5-151B-46BC-A6C2-1F12120D86EA}.Release|x64.ActiveCfg = Release|x64
		{AA8CA5A5-151B-46BC-A6C2-1F12120D86EA}.Release|x64.Build.0 = Release|x64
		{AA8CA5A5-151B-46BC-A6C2-1F12120D86EA}.Release|x86.ActiveCfg = Release|Win32
		{AA8CA5A5-151B-46BC-A6C2-1F12120D86EA}.Release|x86.Build.0 = Release|Win32
		{D55A5204-4385-4ABD-ADED-A5AC2A9DC2FB}.Debug|x64.ActiveCfg = Debug|x64
		{D55A5204-4385-4ABD-ADED-A5AC2A9DC2FB}.Debug|x64.Build.0 = Debug|x64
		{D55A5204-4385-4ABD-ADED-A5AC2A9DC2FB}.Debug|x86.ActiveCfg = Debug|Win32
		{D55A5204-4385-4ABD-ADED-A5AC2A9DC2FB}.Debug|x86.Build.0 = Debug|Win32
		{D55A5204-4385-4ABD-ADED-A5AC2A9DC2FB}.Release|x64.ActiveCfg = Release|x64
		{D55A5204-4385-4ABD-ADED-A5AC2A9DC2FB}.Release|x64.Build.0 = Release|x64
		{D55A5204-4385-4ABD-ADED-A5AC2A9DC2FB}.Release|x86.ActiveCfg = Release|Win32
		{D55A5204-4385-4ABD-ADED-A5AC2A9DC2FB}.Release|x86.Build.0 = Release|Win32
		{54D845D5-8413-4074-A9D8-AFC8ADA674C9}.Debug|x64.ActiveCfg = Debug|x64
		{54D845D5-8413-4074-A9D8-AFC8ADA674C9}.Debug|x64.Build.0 = Debug|x64
		{54D845D5-8413-4074-A9D8-AFC8ADA674C9}.Debug|x86.ActiveCfg = Debug|Win32
		{54D845D5-8413-4074-A9D8-AFC8ADA674C9}.Debug|x86.Build.0 = Debug|Win32
		{54D845D5-8413-4074-A9D8-AFC8ADA674C9}.Release|x64.ActiveCfg = Release|x64
		{54D845D5-8413-4074-A9D8-AFC8ADA674C9}.Release|x64.Build.0 = Release|x64
		{54D845D5-8413-4074-A9D8-AFC8ADA674C9}.Release|x86.ActiveCfg = Release|Win32
		{54D845D5-8413-4074-A9D8-AFC8ADA674C9}.Release|x86.Build.0 = Release|Win32
		{64856848-8669-4D21-AD4A-1A968219CA61}.Debug|x64.ActiveCfg = Debug|x64
		{64856848-8669-4D21-AD4A-1A968219CA61}.Debug|x64.Build.0 = Debug|x64
		{64856848-8669-4D21-AD4A-1A968219CA61}.Debug|x86.ActiveCfg = Debug|Win32
		{64856848-8669-4D21-AD4A-1A968219CA61}.Debug|x86.Build.0 = Debug|Win32
		{64856848-8669-4D21-AD4A-1A968219CA61}.Release|x64.ActiveCfg = Release|x64
		{64856848-8669-4D21-AD4A-1A968219CA61}.Release|x64.Build.0 = Release|x64
		{64856848-8669-4D21-AD4A-1A968219CA61}.Release|x86.ActiveCfg = Release|Win32
		{64856848-8669-4D21-AD4A-1A968219CA61}.Release|x86.Build.0 = Release|Win32
		{3D854712-DD6C-4193-8908-40AC9B84C25A}.Debug|x64.ActiveCfg = Debug|x64
		{3D854712-DD6C-4193-8908-40AC9B84C25A}.Debug|x64.Build.0 = Debug|x64
		{3D854712-DD6C-4193-8908-40AC9B84C25A}.Debug|x86.ActiveCfg = Debug|Win32
		{3D854712-DD6C-4193-8908-40AC9B84C25A}.Debug|x86.Build.0 = Debug|Win32
		{3D854712-DD6C-4193-8908-40AC9B84C25A}.Release|x64.ActiveCfg = Release|x64
		{3D854712-DD6C-4193-8908-40AC9B84C25A}.Release|x64.Build.0 = Release|x64
		{3D854712-DD6C-4193-8908-40AC9B84C25A}.Release|x86.ActiveCfg = Release|Win32
		{3D854712-DD6C-4193-8908-40AC9B84C25A}.Release|x86.Build.0 = Release|Win32
		{50989625-0C5D-4246-AA66-A1F1F77A02D8}.Debug|x64.ActiveCfg = Debug|x64
		{50989625-0C5D-4246-AA66-A1F1F77A02D8}.Debug|x64.Build.0 = Debug|x64
		{50989625-0C5D-4246-AA66-A1F1F77A02D8}.Debug|x86.ActiveCfg = Debug|Win32
		{50989625-0C5D-4246-AA66-A1F1F77A02D8}.Debug|x86.Build.0 = Debug|Win32
		{50989625-0C5D-4246-AA66-A1F1F77A02D8}.Release|x64.ActiveCfg = Release|x64
		{50989625-0C5D-4246-AA66-A1F1F77A02D8}.Release|x64.Build.0 = Release|x64
		{50989625-0C5D-4246-AA66-A1F1F77A02D8}.Release|x86.ActiveCfg = Release|Win32
		{50989625-0C5D-4246-AA66-A1F1F77A02D8}.Release|x86.Build.0 = Release|Win32
		{ED885450-E103-470C-AB13-343D0DF76B09}.Debug|x64.ActiveCfg = Debug|x64
		{ED885450-E103-470C-AB13-343D0DF76B09}.Debug|x64.Build.0 = Debug|x64
		{ED885450-E103-470C-AB13-343D0DF76B09}.Debug|x86.ActiveCfg = Debug|Win32
		{ED885450-E103-470C-AB13-343D0DF76B09}.Debug|x86.Build.0 = Debug|Win32
		{ED885450-E103-470C-AB13-343D0DF76B09}.Release|x64.ActiveCfg = Release|x64
		{ED885450-E103-470C-AB13-343D0DF76B09}.Release|x64.Build.0 = Release|x64
		{ED885450-E103-470C-AB13-343D0DF76B09}.Release|x86.ActiveCfg = Release|Win32
		{ED885450-E103-470C-AB13-343D0DF76B09}.Release|x86.Build.0 = Release|Win32
		{2D714C9A-37F9-4050-88E4-F8149E744C93}.Debug|x64.ActiveCfg = Debug|x64
		{2D714C9A-37F9-4050-88E4-F8149E744C93}.Debug|x64.Build.0 = Debug|x64
		{2D714C9A-37F9-4050-88E4-F8149E744C93}.Debug|x86.ActiveCfg = Debug|Win32
		{2D714C9A-37F9-4050-88E4-F8149E744C93}.Debug|x86.Build.0 = Debug|Win32
		{2D714C9A-37F9-4050-88E4-F8149E744C93}.Release|x64.ActiveCfg = Release|x64
		{2D714C9A-37F9-4050-88E4-F8149E744C93}.Release|x64.Build.0 = Release|x64
		{2D714C9A-37F9-4050-88E4-F8149E744C93}.Release|x86.ActiveCfg = Release|Win32
		{2D714C9A-37F9-4050-88E4-F8149E744C93}.Release|x86.Build.0 = Release|Win32
		{B81D8CF2-5EA3-4AC6-B0EB-2449D749ED0C}.Debug|x64.ActiveCfg = Debug|x64
		{B81D8CF2-5EA3-4AC6-B0EB-2449D749ED0C}.Debug|x64.Build.0 = Debug|x64
		{B81D8CF2-5EA3-4AC6-B0EB-2449D749ED0C}.Debug|x86.ActiveCfg = Debug|Win32
		{B81D8CF2-5EA3-4AC6-B0EB-2449D749ED0C}.Debug|x86.Build.0 = Debug|Win32
		{B81D8CF2-5EA3-4AC6-B0EB-2449D749ED0C}.Release|x64.ActiveCfg = Release|x64
		{B81D8CF2-5EA3-4AC6-B0EB-2449D749ED0C}.Release|x64.Build.0 = Release|x64
		{B81D8CF2-5EA3-4AC6-B0EB-2449D749ED0C}.Release|x86.ActiveCfg = Release|Win32
		{B81D8CF2-5EA3-4AC6-B0EB-2449D749ED0C}.Release|x86.Build.0 = Release|Win32
		{A02FCCF4-1FBE-4962-AA93-3331A0C2A266}.Debug|x64.ActiveCfg = Debug|x64
		{A02FCCF4-1FBE-4962-AA93-3331A0C2A266}.Debug|x64.Build.0 = Debug|x64
		{A02FCCF4-1FBE-4962-AA93-3331A0C2A266}.Debug|x86.ActiveCfg = Debug|Win32
		{A02FCCF4-1FBE-4962-AA93-3331A0C2A266}.Debug|x86.Build.0 = Debug|Win32
		{A02FCCF4-1FBE-4962-AA93-3331A0C2A266}.Release|x64.ActiveCfg = Release|x64
		{A02FCCF4-1FBE-4962-AA93-3331A0C2A266}.Release|x64.Build.0 = Release|x64
		{A02FCCF4-1FBE-4962-AA93-3331A0C2A266}.Release|x86.ActiveCfg = Release|Win32
		{A02FCCF4-1FBE-4962-AA93-3331A0C2A266}.Release|x86.Build.0 = Release|Win32
		{D828B477-B2AE-4236-ACED-7C440D80285D}.Debug|x64.ActiveCfg = Debug|x64
		{D828B477-B2AE-4236-ACED-7C440D80285D}.Debug|x64.Build.0 = Debug|x64
		{D828B477-B2AE-4236-ACED-7C440D80285D}.Debug|x86.ActiveCfg = Debug|Win32
		{D828B477-B2AE-4236-ACED-7C440D80285D}.Debug|x86.Build.0 = Debug|Win32
		{D828B477-B2AE-4236-ACED-7C440D80285D}.Release|x64.ActiveCfg = Release|x64
		{D828B477-B2AE-4236-ACED-7C440D80285D}.Release|x64.Build.0 = Release|x64
		{D828B477-B2AE-4236-ACED-7C440D80285D}.Release|x86.ActiveCfg = Release|Win32
		{D828B477-B2AE-4236-ACED-7C440D80285D}.Release|x86.Build.0 = Release|Win32
		{936C42FE-4559-459A-9CE7-57B06F912907}.Debug|x64.ActiveCfg = Debug|x64
		{936C42FE-4559-459A-9CE7-57B06F912907}.Debug|x64.Build.0 = Debug|x64
		{936C42FE-4559-459A-9CE7-57B06F912907}.Debug|x86.ActiveCfg = Debug|Win32
		{936C42FE-4559-459A-9CE7-57B06F912907}.Debug|x86.Build.0 = Debug|Win32
		{936C42FE-4559-459A-9CE7-57B06F912907}.Release|x64.ActiveCfg = Release|x64
		{936C42FE-4559-459A-9CE7-57B06F912907}.Release|x64.Build.0 = Release|x64
		{936C42FE-4559-459A-9CE7-57B06F912907}.Release|x86.ActiveCfg = Release|Win32
		{936C42FE-4559-459A-9CE7-57B06F912907}.Release|x86.Build.0 = Release|Win32
		{6D9DB894-4DC8-43E0-A0C8-A43AA5CA46CB}.Debug|x64.ActiveCfg = Debug|x64
		{6D9DB894-4DC8-43E0-A0C8-A43AA5CA46CB}.Debug|x64.Build.0 = Debug|x64
		{6D9DB894-4DC8-43E0-A0C8-A43AA5CA46CB}.Debug|x86.ActiveCfg = Debug|Win32
		{6D9DB894-4DC8-43E0-A0C8-A43AA5CA46CB}.Debug|x86.Build.0 = Debug|Win32
		{6D9DB894-4DC8-43E0-A0C8-A43AA5CA46CB}.Release|x64.ActiveCfg = Release|x64
		{6D9DB894-4DC8-43E0-A0C8-A43AA5CA46CB}.Release|x64.Build.0 = Release|x64
		{6D9DB894-4DC8-43E0-A0C8-A43AA5CA46CB}.Release|x86.ActiveCfg = Release|Win32
		{6D9DB894-4DC8-43E0-A0C8-A43AA5CA46CB}.Release|x86.Build.0 = Release|Win32
		{93577544-0F7C-4F73-9331-BD36994AF8FA}.Debug|x64.ActiveCfg = Debug|x64
		{93577544-0F7C-4F73-9331-BD36994AF8FA}.Debug|x64.Build.0 = Debug|x64
		{93577544-0F7C-4F73-9331-BD36994AF8FA}.Debug|x86.ActiveCfg = Debug|Win32
		{93577544-0F7C-4F73-9331-BD36994AF8FA}.Debug|x86.Build.0 = Debug|Win32
		{93577544-0F7C-4F73-9331-BD36994AF8FA}.Release|x64.ActiveCfg = Release|x64
		{93577544-0F7C-4F73-9331-BD36994AF8FA}.Release|x64.Build.0 = Release|x64
		{93577544-0F7C-4F73-9331-BD36994AF8FA}.Release|x86.ActiveCfg = Release|Win32
		{93577544-0F7C-4F73-9331-BD36994AF8FA}.Release|x86.Build.0 = Release|Win32
		{C15FD8F3-934F-4858-B374-95C3C9A9A4FA}.Debug|x64.ActiveCfg = Debug|x64
		{C15FD8F3-934F-4858-B374-95C3C9A9A4FA}.Debug|x64.Build.0 = Debug|x64
		{C15FD8F3-934F-4858-B374-95C3C9A9A4FA}.Debug|x86.ActiveCfg = Debug|Win32
		{C15FD8F3-934F-4858-B374-95C3C9A9A4FA}.Debug|x86.Build.0 = Debug|Win32
		{C15FD8F3-934F-4858-B374-95C3C9A9A4FA}.Release|x64.ActiveCfg = Release|x64
		{C15FD8F3-934F-4858-B374-95C3C9A9A4FA}.Release|x64.Build.0 = Release|x64
		{C15FD8F3-934F-4858-B374-95C3C9A9A4FA}.Release|x86.ActiveCfg = Release|Win32
		{C15FD8F3-934F-4858-B374-95C3C9A9A4FA}.Release|x86.Build.0 = Release|Win32
		{4304EFF7-01BC-472D-B8E6-769FAB05E954}.Debug|x64.ActiveCfg = Debug|x64
		{4304EFF7-01BC-472D-B8E6-769FAB05E954}.Debug|x64.Build.0 = Debug|x64
		{4304EFF7-01BC-472D-B8E6-769FAB05E954}.Debug|x86.ActiveCfg = Debug|Win32
		{4304EFF7-01BC-472D-B8E6-769FAB05E954}.Debug|x86.Build.0 = Debug|Win32
		{4304EFF7-01BC-472D-B8E6-769FAB05E954}.Release|x64.ActiveCfg = Release|x64
		{4304EFF7-01BC-472D-B8E6-769FAB05E954}.Release|x64.Build.0 = Release|x64
		{4304EFF7-01BC-472D-B8E6-769FAB05E954}.Release|x86.ActiveCfg = Release|Win32
		{4304EFF7-01BC-472D-B8E6-769FAB05E954}.Release|x86.Build.0 = Release|Win32
		{6CB48EB5-B8EC-46E7-9982-7ADF16403406}.Debug|x64.ActiveCfg = Debug|x64
		{6CB48EB5-B8EC-46E7-9982-7ADF16403406}.Debug|x64.Build.0 = Debug|x64
		{6CB48EB5-B8EC-46E7-9982-7ADF16403406}.Debug|x86.ActiveCfg = Debug|Win32
		{6CB48EB5-B8EC-46E7-9982-7ADF16403406}.Debug|x86.Build.0 = Debug|Win32
		{6CB48EB5-B8EC-46E7-9982-7ADF16403406}.Release|x64.ActiveCfg = Release|x64
		{6CB48EB5-B8EC-46E7-9982-7ADF16403406}.Release|x64.Build.0 = Release|x64
		{6CB48EB5-B8EC-46E7-9982-7ADF16403406}.Release|x86.ActiveCfg = Release|Win32
		{6CB48EB5-B8EC-46E7-9982-7ADF16403406}.Release|x86.Build.0 = Release|Win32
		{899881DD-A1D8-414C-8FBA-063BC9BB0FAA}.Debug|x64.ActiveCfg = Debug|x64
		{899881DD-A1D8-414C-8FBA-063BC9BB0FAA}.Debug|x64.Build.0 = Debug|x64
		{899881DD-A1D8-414C-8FBA-063BC9BB0FAA}.Debug|x86.ActiveCfg = Debug|Win32
		{899881DD-A1D8-414C-8FBA-063BC9BB0FAA}.Debug|x86.Build.0 = Debug|Win32
		{899881DD-A1D8-414C-8FBA-063BC9BB0FAA}.Release|x64.ActiveCfg = Release|x64
		{899881DD-A1D8-414C-8FBA-063BC9BB0FAA}.Release|x64.Build.0 = Release|x64
		{899881DD-A1D8-414C-8FBA-063BC9BB0FAA}.Release|x86.ActiveCfg = Release|Win32
		{899881DD-A1D8-414C-8FBA-063BC9BB0FAA}.Release|x86.Build.0 = Release|Win32
		{308384E6-FD0C-4E67-8FEE-202E0B16F172}.Debug|x64.ActiveCfg = Debug|x64
		{308384E6-FD0C-4E67-8FEE-202E0B16F172}.Debug|x64.Build.0 = Debug|x64
		{308384E6-FD0C-4E67-8FEE-202E0B16F172}.Debug|x86.ActiveCfg = Debug|Win32
		{308384E6-FD0C-4E67-8FEE-202E0B16F172}.Debug|x86.Build.0 = Debug|Win32
		{308384E6-FD0C-4E67-8FEE-202E0B16F172}.Release|x64.ActiveCfg = Release|x64
		{308384E6-FD0C-4E67-8FEE-202E0B16F172}.Release|x64.Build.0 = Release|x64
		{308384E6-FD0C-4E67-8FEE-202E0B16F172}.Release|x86.ActiveCfg = Release|Win32
		{308384E6-FD0C-4E67-8FEE-202E0B16F172}.Release|x86.Build.0 = Release|Win32
		{9125D319-0930-4052-8CBE-E6ABE3D005C7}.Debug|x64.ActiveCfg = Debug|x64
		{9125D319-0930-4052-8CBE-E6ABE3D005C7}.Debug|x64.Build.0 = Debug|x64
		{9125D319-0930-4052-8CBE-E6ABE3D005C7}.Debug|x86.ActiveCfg = Debug|Win32
		{9125D319-0930-4052-8CBE-E6ABE3D005C7}.Debug|x86.Build.0 = Debug|Win32
		{9125D319-0930-4052-8CBE-E6ABE3D005C7}.Release|x64.ActiveCfg = Release|x64
		{9125D319-0930-4052-8CBE-E6ABE3D005C7}.Release|x64.Build.0 = Release|x64
		{9125D319-0930-4052-8CBE-E6ABE3D005C7}.Release|x86.ActiveCfg = Release|Win32
		{9125D319-0930-4052-8CBE-E6ABE3D005C7}.Release|x86.Build.0 = Release|Win32
		{A39B1A27-C528-4026-85A1-96D43FCD91E1}.Debug|x64.ActiveCfg = Debug|x64
		{A39B1A27-C528-4026-85A1-96D43FCD91E1}.Debug|x64.Build.0 = Debug|x64
		{A39B1A27-C528-4026-85A1-96D43FCD91E1}.Debug|x86.ActiveCfg = Debug|Win32
		{A39B1A27-C528-4026-85A1-96D43FCD91E1}.Debug|x86.Build.0 = Debug|Win32
		{A39B1A27-C528-4026-85A1-96D43FCD91E1}.Release|x64.ActiveCfg = Release|x64
		{A39B1A27-C528-4026-85A1-96D43FCD91E1}.Release|x64.Build.0 = Release|x64
		{A39B1A27-C528-4026-85A1-96D43FCD91E1}.Release|x86.ActiveCfg = Release|Win32
		{A39B1A27-C528-4026-85A1-96D43FCD91E1}.Release|x86.Build.0 = Release|Win32
		{56EDF7D4-84B5-4942-A39B-A62AFEE89CB6}.Debug|x64.ActiveCfg = Debug|x64
		{56EDF7D4-84B5-4942-A39B-A62AFEE89CB6}.Debug|x64.Build.0 = Debug|x64
		{56EDF7D4-84B5-4942-A39B-A62AFEE89CB6}.Debug|x86.ActiveCfg = Debug|Win32
		{56EDF7D4-84B5-4942-A39B-A62AFEE89CB6}.Debug|x86.Build.0 = Debug|Win32
		{56EDF7D4-84B5-4942-A39B-A62AFEE89CB6}.Release|x64.ActiveCfg = Release|x64
		{56EDF7D4-84B5-4942-A39B-A62AFEE89CB6}.Release|x64.Build.0 = Release|x64
		{56EDF7D4-84B5-4942-A39B-A62AFEE89CB6}.Release|x86.ActiveCfg = Release|Win32
		{56EDF7D4-84B5-4942-A39B-A62AFEE89CB6}.Release|x86.Build.0 = Release|Win32
		{EFE8779B-CF56-4AF2-B999-E717FDBD3919}.Debug|x64.ActiveCfg = Debug|x64
		{EFE8779B-CF56-4AF2-B999-E717FDBD3919}.Debug|x64.Build.0 = Debug|x64
		{EFE8779B-CF56-4AF2-B999-E717FDBD3919}.Debug|x86.ActiveCfg = Debug|Win32
		{EFE8779B-CF56-4AF2-B999-E717FDBD3919}.Debug|x86.Build.0 = Debug|Win32
		{EFE8779B-CF56-4AF2-B999-E717FDBD3919}.Release|x64.ActiveCfg = Release|x64
		{EFE8779B-CF56-4AF2-B999-E717FDBD3919}.Release|x64.Build.0 = Release|x64
		{EFE8779B-CF56-4AF2-B999-E717FDBD3919}.Release|x86.ActiveCfg = Release|Win32
		{EFE8779B-CF56-4AF2-B999-E717FDBD3919}.Release|x86.Build.0 = Release|Win32
		{472AF9BD-C150-4D9B-935A-6AC040B52306}.Debug|x64.ActiveCfg = Debug|x64
		{472AF9BD-C150-4D9B-935A-6AC040B52306}.Debug|x64.Build.0 = Debug|x64
		{472AF9BD-C150-4D9B-935A-6AC040B52306}.Debug|x86.ActiveCfg = Debug|Win32
		{472AF9BD-C150-4D9B-935A-6AC040B52306}.Debug|x86.Build.0 = Debug|Win32
		{472AF9BD-C150-4D9B-935A-6AC040B52306}.Release|x64.ActiveCfg = Release|x64
		{472AF9BD-C150-4D9B-935A-6AC040B52306}.Release|x64.Build.0 = Release|x64
		{472AF9BD-C150-4D9B-935A-6AC040B52306}.Release|x86.ActiveCfg = Release|Win32
		{472AF9BD-C150-4D9B-935A-6AC040B52306}.Release|x86.Build.0 = Release|Win32
		{C797236B-17D7-4866-B883-60DD88E3967C}.Debug|x64.ActiveCfg = Debug|x64
		{C797236B-17D7-4866-B883-60DD88E3967C}.Debug|x64.Build.0 = Debug|x64
		{C797236B-17D7-4866-B883-60DD88E3967C}.Debug|x86.ActiveCfg = Debug|Win32
		{C797236B-17D7-4866-B883-60DD88E3967C}.Debug|x86.Build.0 = Debug|Win32
		{C797236B-17D7-4866-B883-60DD88E3967C}.Release|x64.ActiveCfg = Release|x64
		{C797236B-17D7-4866-B883-60DD88E3967C}.Release|x64.Build.0 = Release|x64
		{C797236B-17D7-4866-B883-60DD88E3967C}.Release|x86.ActiveCfg = Release|Win32
		{C797236B-17D7-4866-B883-60DD88E3967C}.Release|x86.Build.0 = Release|Win32
		{9375842C-4375-4477-AF08-DE23C11C08DF}.Debug|x64.ActiveCfg = Debug|x64
		{9375842C-4375-4477-AF08-DE23C11C08DF}.Debug|x64.Build.0 = Debug|x64
		{9375842C-4375-4477-AF08-DE23C11C08DF}.Debug|x86.ActiveCfg = Debug|Win32
		{9375842C-4375-4477-AF08-DE23C11C08DF}.Debug|x86.Build.0 = Debug|Win32
		{9375842C-4375-4477-AF08-DE23C11C08DF}.Release|x64.ActiveCfg = Release|x64
		{9375842C-4375-4477-AF08-DE23C11C08DF}.Release|x64.Build.0 = Release|x64
		{9375842C-4375-4477-AF08-DE23C11C08DF}.Release|x86.ActiveCfg = Release|Win32
		{9375842C-4375-4477-AF08-DE23C11C08DF}.Release|x86.Build.0 = Release|Win32
		{823EDF10-890C-4B2F-9E21-29802FA65954}.Debug|x64.ActiveCfg = Debug|x64
		{823EDF10-890C-4B2F-9E21-29802FA65954}.Debug|x64.Build.0 = Debug|x64
		{823EDF10-890C-4B2F-9E21-29802FA65954}.Debug|x86.ActiveCfg = Debug|Win32
		{823EDF10-890C-4B2F-9E21-29802FA65954}.Debug|x86.Build.0 = Debug|Win32
		{823EDF10-890C-4B2F-9E21-29802FA65954}.Release|x64.ActiveCfg = Release|x64
		{823EDF10-890C-4B2F-9E21-29802FA65954}.Release|x64.Build.0 = Release|x64
		{823EDF10-890C-4B2F-9E21-29802FA65954}.Release|x86.ActiveCfg = Release|Win32
		{823EDF10-890C-4B2F-9E21-29802FA65954}.Release|x86.Build.0 = Release|Win32
		{F29021F7-B829-4447-B593-A31710D04399}.Debug|x64.ActiveCfg = Debug|x64
		{F29021F7-B829-4447-B593-A31710D04399}.Debug|x64.Build.0 = Debug|x64
		{F29021F7-B829-4447-B593-A31710D04399}.Debug|x86.ActiveCfg = Debug|Win32
		{F29021F7-B829-4447-B593-A31710D04399}.Debug|x86.Build.0 = Debug|Win32
		{F29021F7-B829-4447-B593-A31710D04399}.Release|x64.ActiveCfg = Release|x64
		{F29021F7-B829-4447-B593-A31710D04399}.Release|x64.Build.0 = Release|x64
		{F29021F7-B829-4447-B593-A31710D04399}.Release|x86.ActiveCfg = Release|Win32
		{F29021F7-B829-4447-B593-A31710D04399}.Release|x86.Build.0 = Release|Win32
		{F3336F08-9B78-48E5-ACEF-9924E8D8889C}.Debug|x64.ActiveCfg = Debug|x64
		{F3336F08-9B78-48E5-ACEF-9924E8D8889C}.Debug|x64.Build.0 = Debug|x64
		{F3336F08-9B78-48E5-ACEF-9924E8D8889C}.Debug|x86.ActiveCfg = Debug|Win32
		{F3336F08-9B78-48E5-ACEF-9924E8D8889C}.Debug|x86.Build.0 = Debug|Win32
		{F3336F08-9B78-48E5-ACEF-9924E8D8889C}.Release|x64.ActiveCfg = Release|x64
		{F3336F08-9B78-48E5-ACEF-9924E8D8889C}.Release|x64.Build.0 = Release|x64
		{F3336F08-9B78-48E5-ACEF-9924E8D8889C}.Release|x86.ActiveCfg = Release|Win32
		{F3336F08-9B78-48E5-ACEF-9924E8D8889C}.Release|x86.Build.0 = Release|Win32
		{6E008257-467B-4CA9-AF27-BCC527D24654}.Debug|x64.ActiveCfg = Debug|x64
		{6E008257-467B-4CA9-AF27-BCC527D24654}.Debug|x64.Build.0 = Debug|x64
		{6E008257-467B-4CA9-AF27-BCC527D24654}.Debug|x86.ActiveCfg = Debug|Win32
		{6E008257-467B-4CA9-AF27-BCC527D24654}.Debug|x86.Build.0 = Debug|Win32
		{6E008257-467B-4CA9-AF27-BCC527D24654}.Release|x64.ActiveCfg = Release|x64
		{6E008257-467B-4CA9-AF27-BCC527D24654}.Release|x64.Build.0 = Release|x64
		{6E008257-467B-4CA9-AF27-BCC527D24654}.Release|x86.ActiveCfg = Release|Win32
		{6E008257-467B-4CA9-AF27-BCC527D24654}.Release|x86.Build.0 = Release|Win32
		{21E928C2-2D8F-47B0-B918-4C295B0D739F}.Debug|x64.ActiveCfg = Debug|x64
		{21E928C2-2D8F-47B0-B918-4C295B0D739F}.Debug|x64.Build.0 = Debug|x64
		{21E928C2-2D8F-47B0-B918-4C295B0D739F}.Debug|x86.ActiveCfg = Debug|Win32
		{21E928C2-2D8F-47B0-B918-4C295B0D739F}.Debug|x86.Build.0 = Debug|Win32
		{21E928C2-2D8F-47B0-B918-4C295B0D739F}.Release|x64.ActiveCfg = Release|x64
		{21E928C2-2D8F-47B0-B918-4C295B0D739F}.Release|x64.Build.0 = Release|x64
		{21E928C2-2D8F-47B0-B918-4C295B0D739F}.Release|x86.ActiveCfg = Release|Win32
		{21E928C2-2D8F-47B0-B918-4C295B0D739F}.Release|x86.Build.0 = Release|Win32
		{58EA6DFB-4309-4654-80DC-3282E54D9811}.Debug|x64.ActiveCfg = Debug|x64
		{58EA6DFB-4309-4654-80DC-3282E54D9811}.Debug|x64.Build.0 = Debug|x64
		{58EA6DFB-4309-4654-80DC-3282E54D9811}.Debug|x86.ActiveCfg = Debug|Win32
		{58EA6DFB-4309-4654-80DC-3282E54D9811}.Debug|x86.Build.0 = Debug|Win32
		{58EA6DFB-4309-4654-80DC-3282E54D9811}.Release|x64.ActiveCfg = Release|x64
		{58EA6DFB-4309-4654-80DC-3282E54D9811}.Release|x64.Build.0 = Release|x64
		{58EA6DFB-4309-4654-80DC-3282E54D9811}.Release|x86.ActiveCfg = Release|Win32
		{58EA6DFB-4309-4654-80DC-3282E54D9811}.Release|x86.Build.0 = Release|Win32
		{B2728AA0-7649-41E4-95ED-B08C7C8409C6}.Debug|x64.ActiveCfg = Debug|x64
		{B2728AA0-7649-41E4-95ED-B08C7C8409C6}.Debug|x64.Build.0 = Debug|x64
		{B2728AA0-7649-41E4-95ED-B08C7C8409C6}.Debug|x86.ActiveCfg = Debug|Win32
		{B2728AA0-7649-41E4-95ED-B08C7C8409C6}.Debug|x86.Build.0 = Debug|Win32
		{B2728AA0-7649-41E4-95ED-B08C7C8409C6}.Release|x64.ActiveCfg = Release|x64
		{B2728AA0-7649-41E4-95ED-B08C7C8409C6}.Release|x64.Build.0 = Release|x64
		{B2728AA0-7649-41E4-95ED-B08C7C8409C6}.Release|x86.ActiveCfg = Release|Win32
		{B2728AA0-7649-41E4-95ED-B08C7C8409C6}.Release|x86.Build.0 = Release|Win32
		{2538AC2F-7E26-4AE9-8F64-9746E108970F}.Debug|x64.ActiveCfg = Debug|x64
		{2538AC2F-7E26-4AE9-8F64-9746E108970F}.Debug|x64.Build.0 = Debug|x64
		{2538AC2F-7E26-4AE9-8F64-9746E108970F}.Debug|x86.ActiveCfg = Debug|Win32
		{2538AC2F-7E26-4AE9-8F64-9746E108970F}.Debug|x86.Build.0 = Debug|Win32
		{2538AC2F-7E26-4AE9-8F64-9746E108970F}.Release|x64.ActiveCfg = Release|x64
		{2538AC2F-7E26-4AE9-8F64-9746E108970F}.Release|x64.Build.0 = Release|x64
		{2538AC2F-7E26-4AE9-8F64-9746E108970F}.Release|x86.ActiveCfg = Release|Win32
		{2538AC2F-7E26-4AE9-8F64-9746E108970F}.Release|x86.Build.0 = Release|Win32
		{D004926D-5F10-4BD8-B73C-445115B57932}.Debug|x64.ActiveCfg = Debug|x64
		{D004926D-5F10-4BD8-B73C-445115B57932}.Debug|x64.Build.0 = Debug|x64
		{D004926D-5F10-4BD8-B73C-445115B57932}.Debug|x86.ActiveCfg = Debug|Win32
		{D004926D-5F10-4BD8-B73C-445115B57932}.Debug|x86.Build.0 = Debug|Win32
		{D004926D-5F10-4BD8-B73C-445115B57932}.Release|x64.ActiveCfg = Release|x64
		{D004926D-5F10-4BD8-B73C-445115B57932}.Release|x64.Build.0 = Release|x64
		{D004926D-5F10-4BD8-B73C-445115B57932}.Release|x86.ActiveCfg = Release|Win32
		{D004926D-5F10-4BD8-B73C-445115B57932}.Release|x86.Build.0 = Release|Win32
		{1EED264F-A8CE-4129-89CF-BD429D998E48}.Debug|x64.ActiveCfg = Debug|x64
		{1EED264F-A8CE-4129-89CF-BD429D998E48}.Debug|x64.Build.0 = Debug|x64
		{1EED264F-A8CE-4129-89CF-BD429D998E48}.Debug|x86.ActiveCfg = Debug|Win32
		{1EED264F-A8CE-4129-89CF-BD429D998E48}.Debug|x86.Build.0 = Debug|Win32
		{1EED264F-A8CE-4129-89CF-BD429D998E48}.Release|x64.ActiveCfg = Release|x64
		{1EED264F-A8CE-4129-89CF-BD429D998E48}.Release|x64.Build.0 = Release|x64
		{1EED264F-A8CE-4129-89CF-BD429D998E48}.Release|x86.ActiveCfg = Release|Win32
		{1EED264F-A8CE-4129-89CF-BD429D998E48}.Release|x86.Build.0 = Release|Win32
		{40ABF594-EED1-42D7-AD76-7398A454D83B}.Debug|x64.ActiveCfg = Debug|x64
		{40ABF594-EED1-42D7-AD76-7398A454D83B}.Debug|x64.Build.0 = Debug|x64
		{40ABF594-EED1-42D7-AD76-7398A454D83B}.Debug|x86.ActiveCfg = Debug|Win32
		{40ABF594-EED1-42D7-AD76-7398A454D83B}.Debug|x86.Build.0 = Debug|Win32
		{40ABF594-EED1-42D7-AD76-7398A454D83B}.Release|x64.ActiveCfg = Release|x64
		{40ABF594-EED1-42D7-AD76-7398A454D83B}.Release|x64.Build.0 = Release|x64
		{40ABF594-EED1-42D7-AD76-7398A454D83B}.Release|x86.ActiveCfg = Release|Win32
		{40ABF594-EED1-42D7-AD76-7398A454D83B}.Release|x86.Build.0 = Release|Win32
		{B676E434-1D6A-4A8D-BAB3-C090D06CDF0D}.Debug|x64.ActiveCfg = Debug|x64
		{B676E434-1D6A-4A8D-BAB3-C090D06CDF0D}.Debug|x64.Build.0 = Debug|x64
		{B676E434-1D6A-4A8D-BAB3-C090D06CDF0D}.Debug|x86.ActiveCfg = Debug|Win32
		{B676E434-1D6A-4A8D-BAB3-C090D06CDF0D}.Debug|x86.Build.0 = Debug|Win32
		{B676E434-1D6A-4A8D-BAB3-C090D06CDF0D}.Release|x64.ActiveCfg = Release|x64
		{B676E434-1D6A-4A8D-BAB3-C090D06CDF0D}.Release|x64.Build.0 = Release|x64
		{B676E434-1D6A-4A8D-BAB3-C090D06CDF0D}.Release|x86.ActiveCfg = Release|Win32
		{B676E434-1D6A-4A8D-BAB3-C090D06CDF0D}.Release|x86.Build.0 = Release|Win32
		{8A90D3E2-72C0-4691-9E21-A3FA410470B1}.Debug|x64.ActiveCfg = Debug|x64
		{8A90D3E2-72C0-4691-9E21-A3FA410470B1}.Debug|x64.Build.0 = Debug|x64
		{8A90D3E2-72C0-4691-9E21-A3FA410470B1}.Debug|x86.ActiveCfg = Debug|Win32
		{8A90D3E2-72C0-4691-9E21-A3FA410470B1}.Debug|x86.Build.0 = Debug|Win32
		{8A90D3E2-72C0-4691-9E21-A3FA410470B1}.Release|x64.ActiveCfg = Release|x64
		{8A90D3E2-72C0-4691-9E21-A3FA410470B1}.Release|x64.Build.0 = Release|x64
		{8A90D3E2-72C0-4691-9E21-A3FA410470B1}.Release|x86.ActiveCfg = Release|Win32
		{8A90D3E2-72C0-4691-9E21-A3FA410470B1}.Release|x86.Build.0 = Release|Win32
		{1A5E8C04-1B27-4E57-972D-BD3DD6160929}.Debug|x64.ActiveCfg = Debug|x64
		{1A5E8C04-1B27-4E57-972D-BD3DD6160929}.Debug|x64.Build.0 = Debug|x64
		{1A5E8C04-1B27-4E57-972D-BD3DD6160929}.Debug|x86.ActiveCfg = Debug|Win32
		{1A5E8C04-1B27-4E57-972D-BD3DD6160929}.Debug|x86.Build.0 = Debug|Win32
		{1A5E8C04-1B27-4E57-972D-BD3DD6160929}.Release|x64.ActiveCfg = Release|x64
		{1A5E8C04-1B27-4E57-972D-BD3DD6160929}.Release|x64.Build.0 = Release|x64
		{1A5E8C04-1B27-4E57-972D-BD3DD6160929}.Release|x86.ActiveCfg = Release|Win32
		{1A5E8C04-1B27-4E57-972D-BD3DD6160929}.Release|x86.Build.0 = Release|Win32
		{1458960C-3734-48BF-BC3D-97AE1E2B61E5}.Debug|x64.ActiveCfg = Debug|x64
		{1458960C-3734-48BF-BC3D-97AE1E2B61E5}.Debug|x64.Build.0 = Debug|x64
		{1458960C-3734-48BF-BC3D-97AE1E2B61E5}.Debug|x86.ActiveCfg = Debug|Win32
		{1458960C-3734-48BF-BC3D-97AE1E2B61E5}.Debug|x86.Build.0 = Debug|Win32
		{1458960C-3734-48BF-BC3D-97AE1E2B61E5}.Release|x64.ActiveCfg = Release|x64
		{1458960C-3734-48BF-BC3D-97AE1E2B61E5}.Release|x64.Build.0 = Release|x64
		{1458960C-3734-48BF-BC3D-97AE1E2B61E5}.Release|x86.ActiveCfg = Release|Win32
		{1458960C-3734-48BF-BC3D-97AE1E2B61E5}.Release|x86.Build.0 = Release|Win32
	EndGlobalSection
	GlobalSection(SolutionProperties) = preSolution
		HideSolutionNode = FALSE
	EndGlobalSection
EndGlobal
